// !$*UTF8*$!
{
	archiveVersion = 1;
	classes = {
	};
	objectVersion = 46;
	objects = {

/* Begin PBXBuildFile section */
		7EE10CAF87830227F75F325A /* libPods.a in Frameworks */ = {isa = PBXBuildFile; fileRef = 30B9255D9FC21071095DDA56 /* libPods.a */; };
		8A56804E1655144C0096DB72 /* UIKit.framework in Frameworks */ = {isa = PBXBuildFile; fileRef = 8A56804D1655144C0096DB72 /* UIKit.framework */; };
		8A5680501655144C0096DB72 /* Foundation.framework in Frameworks */ = {isa = PBXBuildFile; fileRef = 8A56804F1655144C0096DB72 /* Foundation.framework */; };
		8A5680521655144C0096DB72 /* CoreGraphics.framework in Frameworks */ = {isa = PBXBuildFile; fileRef = 8A5680511655144C0096DB72 /* CoreGraphics.framework */; };
		8A5680581655144C0096DB72 /* InfoPlist.strings in Resources */ = {isa = PBXBuildFile; fileRef = 8A5680561655144C0096DB72 /* InfoPlist.strings */; };
		8A56805A1655144C0096DB72 /* main.m in Sources */ = {isa = PBXBuildFile; fileRef = 8A5680591655144C0096DB72 /* main.m */; };
		8A56805E1655144C0096DB72 /* GBAppDelegate.m in Sources */ = {isa = PBXBuildFile; fileRef = 8A56805D1655144C0096DB72 /* GBAppDelegate.m */; };
		8A5680601655144C0096DB72 /* Default.png in Resources */ = {isa = PBXBuildFile; fileRef = 8A56805F1655144C0096DB72 /* Default.png */; };
		8A5680621655144C0096DB72 /* Default@2x.png in Resources */ = {isa = PBXBuildFile; fileRef = 8A5680611655144C0096DB72 /* Default@2x.png */; };
		8A5680641655144C0096DB72 /* Default-568h@2x.png in Resources */ = {isa = PBXBuildFile; fileRef = 8A5680631655144C0096DB72 /* Default-568h@2x.png */; };
		8A5680851655170E0096DB72 /* CFNetwork.framework in Frameworks */ = {isa = PBXBuildFile; fileRef = 8A5680841655170E0096DB72 /* CFNetwork.framework */; };
/* End PBXBuildFile section */

/* Begin PBXFileReference section */
		017B02A36FBAC06A15709C90 /* Pods.release.xcconfig */ = {isa = PBXFileReference; includeInIndex = 1; lastKnownFileType = text.xcconfig; name = Pods.release.xcconfig; path = "Pods/Target Support Files/Pods/Pods.release.xcconfig"; sourceTree = "<group>"; };
		1D35F6F9A7C129ADFC0C6868 /* Pods.debug.xcconfig */ = {isa = PBXFileReference; includeInIndex = 1; lastKnownFileType = text.xcconfig; name = Pods.debug.xcconfig; path = "Pods/Target Support Files/Pods/Pods.debug.xcconfig"; sourceTree = "<group>"; };
		30B9255D9FC21071095DDA56 /* libPods.a */ = {isa = PBXFileReference; explicitFileType = archive.ar; includeInIndex = 0; path = libPods.a; sourceTree = BUILT_PRODUCTS_DIR; };
		8A5680491655144C0096DB72 /* PingDemo.app */ = {isa = PBXFileReference; explicitFileType = wrapper.application; includeInIndex = 0; path = PingDemo.app; sourceTree = BUILT_PRODUCTS_DIR; };
		8A56804D1655144C0096DB72 /* UIKit.framework */ = {isa = PBXFileReference; lastKnownFileType = wrapper.framework; name = UIKit.framework; path = System/Library/Frameworks/UIKit.framework; sourceTree = SDKROOT; };
		8A56804F1655144C0096DB72 /* Foundation.framework */ = {isa = PBXFileReference; lastKnownFileType = wrapper.framework; name = Foundation.framework; path = System/Library/Frameworks/Foundation.framework; sourceTree = SDKROOT; };
		8A5680511655144C0096DB72 /* CoreGraphics.framework */ = {isa = PBXFileReference; lastKnownFileType = wrapper.framework; name = CoreGraphics.framework; path = System/Library/Frameworks/CoreGraphics.framework; sourceTree = SDKROOT; };
		8A5680551655144C0096DB72 /* PingDemo-Info.plist */ = {isa = PBXFileReference; lastKnownFileType = text.plist.xml; path = "PingDemo-Info.plist"; sourceTree = "<group>"; };
		8A5680571655144C0096DB72 /* en */ = {isa = PBXFileReference; lastKnownFileType = text.plist.strings; name = en; path = en.lproj/InfoPlist.strings; sourceTree = "<group>"; };
		8A5680591655144C0096DB72 /* main.m */ = {isa = PBXFileReference; lastKnownFileType = sourcecode.c.objc; path = main.m; sourceTree = "<group>"; };
		8A56805B1655144C0096DB72 /* PingDemo-Prefix.pch */ = {isa = PBXFileReference; lastKnownFileType = sourcecode.c.h; path = "PingDemo-Prefix.pch"; sourceTree = "<group>"; };
		8A56805C1655144C0096DB72 /* GBAppDelegate.h */ = {isa = PBXFileReference; lastKnownFileType = sourcecode.c.h; path = GBAppDelegate.h; sourceTree = "<group>"; };
		8A56805D1655144C0096DB72 /* GBAppDelegate.m */ = {isa = PBXFileReference; lastKnownFileType = sourcecode.c.objc; path = GBAppDelegate.m; sourceTree = "<group>"; };
		8A56805F1655144C0096DB72 /* Default.png */ = {isa = PBXFileReference; lastKnownFileType = image.png; path = Default.png; sourceTree = "<group>"; };
		8A5680611655144C0096DB72 /* Default@2x.png */ = {isa = PBXFileReference; lastKnownFileType = image.png; path = "Default@2x.png"; sourceTree = "<group>"; };
		8A5680631655144C0096DB72 /* Default-568h@2x.png */ = {isa = PBXFileReference; lastKnownFileType = image.png; path = "Default-568h@2x.png"; sourceTree = "<group>"; };
		8A5680841655170E0096DB72 /* CFNetwork.framework */ = {isa = PBXFileReference; lastKnownFileType = wrapper.framework; name = CFNetwork.framework; path = System/Library/Frameworks/CFNetwork.framework; sourceTree = SDKROOT; };
/* End PBXFileReference section */

/* Begin PBXFrameworksBuildPhase section */
		8A5680461655144C0096DB72 /* Frameworks */ = {
			isa = PBXFrameworksBuildPhase;
			buildActionMask = 2147483647;
			files = (
				8A5680851655170E0096DB72 /* CFNetwork.framework in Frameworks */,
				8A56804E1655144C0096DB72 /* UIKit.framework in Frameworks */,
				8A5680501655144C0096DB72 /* Foundation.framework in Frameworks */,
				8A5680521655144C0096DB72 /* CoreGraphics.framework in Frameworks */,
				7EE10CAF87830227F75F325A /* libPods.a in Frameworks */,
			);
			runOnlyForDeploymentPostprocessing = 0;
		};
/* End PBXFrameworksBuildPhase section */

/* Begin PBXGroup section */
		6BA0072D04E689441CE1C33C /* Pods */ = {
			isa = PBXGroup;
			children = (
				1D35F6F9A7C129ADFC0C6868 /* Pods.debug.xcconfig */,
				017B02A36FBAC06A15709C90 /* Pods.release.xcconfig */,
			);
			name = Pods;
			sourceTree = "<group>";
		};
		8A56803E1655144C0096DB72 = {
			isa = PBXGroup;
			children = (
				8A5680531655144C0096DB72 /* Ping Demo */,
				8A56804C1655144C0096DB72 /* Frameworks */,
				8A56804A1655144C0096DB72 /* Products */,
				6BA0072D04E689441CE1C33C /* Pods */,
			);
			sourceTree = "<group>";
		};
		8A56804A1655144C0096DB72 /* Products */ = {
			isa = PBXGroup;
			children = (
				8A5680491655144C0096DB72 /* PingDemo.app */,
			);
			name = Products;
			sourceTree = "<group>";
		};
		8A56804C1655144C0096DB72 /* Frameworks */ = {
			isa = PBXGroup;
			children = (
				8A5680841655170E0096DB72 /* CFNetwork.framework */,
				8A56804D1655144C0096DB72 /* UIKit.framework */,
				8A56804F1655144C0096DB72 /* Foundation.framework */,
				8A5680511655144C0096DB72 /* CoreGraphics.framework */,
				30B9255D9FC21071095DDA56 /* libPods.a */,
			);
			name = Frameworks;
			sourceTree = "<group>";
		};
		8A5680531655144C0096DB72 /* Ping Demo */ = {
			isa = PBXGroup;
			children = (
				8A56805C1655144C0096DB72 /* GBAppDelegate.h */,
				8A56805D1655144C0096DB72 /* GBAppDelegate.m */,
				8A5680541655144C0096DB72 /* Supporting Files */,
			);
			name = "Ping Demo";
			path = PIngTest;
			sourceTree = "<group>";
		};
		8A5680541655144C0096DB72 /* Supporting Files */ = {
			isa = PBXGroup;
			children = (
				8A5680551655144C0096DB72 /* PingDemo-Info.plist */,
				8A5680561655144C0096DB72 /* InfoPlist.strings */,
				8A5680591655144C0096DB72 /* main.m */,
				8A56805B1655144C0096DB72 /* PingDemo-Prefix.pch */,
				8A56805F1655144C0096DB72 /* Default.png */,
				8A5680611655144C0096DB72 /* Default@2x.png */,
				8A5680631655144C0096DB72 /* Default-568h@2x.png */,
			);
			name = "Supporting Files";
			sourceTree = "<group>";
		};
/* End PBXGroup section */

/* Begin PBXNativeTarget section */
		8A5680481655144C0096DB72 /* PingDemo */ = {
			isa = PBXNativeTarget;
			buildConfigurationList = 8A5680671655144C0096DB72 /* Build configuration list for PBXNativeTarget "PingDemo" */;
			buildPhases = (
				A0C792FE3000BA9C2DC83245 /* Check Pods Manifest.lock */,
				8A5680451655144C0096DB72 /* Sources */,
				8A5680461655144C0096DB72 /* Frameworks */,
				8A5680471655144C0096DB72 /* Resources */,
				B3448E148DBB62B7C5541523 /* Copy Pods Resources */,
				86DB391498A81496BA0FF40A /* Embed Pods Frameworks */,
			);
			buildRules = (
			);
			dependencies = (
			);
			name = PingDemo;
			productName = PIngTest;
			productReference = 8A5680491655144C0096DB72 /* PingDemo.app */;
			productType = "com.apple.product-type.application";
		};
/* End PBXNativeTarget section */

/* Begin PBXProject section */
		8A5680401655144C0096DB72 /* Project object */ = {
			isa = PBXProject;
			attributes = {
				CLASSPREFIX = GB;
				LastUpgradeCheck = 0700;
				ORGANIZATIONNAME = Goonbee;
			};
			buildConfigurationList = 8A5680431655144C0096DB72 /* Build configuration list for PBXProject "PingDemo" */;
			compatibilityVersion = "Xcode 3.2";
			developmentRegion = English;
			hasScannedForEncodings = 0;
			knownRegions = (
				en,
			);
			mainGroup = 8A56803E1655144C0096DB72;
			productRefGroup = 8A56804A1655144C0096DB72 /* Products */;
			projectDirPath = "";
			projectRoot = "";
			targets = (
				8A5680481655144C0096DB72 /* PingDemo */,
			);
		};
/* End PBXProject section */

/* Begin PBXResourcesBuildPhase section */
		8A5680471655144C0096DB72 /* Resources */ = {
			isa = PBXResourcesBuildPhase;
			buildActionMask = 2147483647;
			files = (
				8A5680581655144C0096DB72 /* InfoPlist.strings in Resources */,
				8A5680601655144C0096DB72 /* Default.png in Resources */,
				8A5680621655144C0096DB72 /* Default@2x.png in Resources */,
				8A5680641655144C0096DB72 /* Default-568h@2x.png in Resources */,
			);
			runOnlyForDeploymentPostprocessing = 0;
		};
/* End PBXResourcesBuildPhase section */

/* Begin PBXShellScriptBuildPhase section */
		86DB391498A81496BA0FF40A /* Embed Pods Frameworks */ = {
			isa = PBXShellScriptBuildPhase;
			buildActionMask = 2147483647;
			files = (
			);
			inputPaths = (
			);
			name = "Embed Pods Frameworks";
			outputPaths = (
			);
			runOnlyForDeploymentPostprocessing = 0;
			shellPath = /bin/sh;
			shellScript = "\"${SRCROOT}/Pods/Target Support Files/Pods/Pods-frameworks.sh\"\n";
			showEnvVarsInLog = 0;
		};
		A0C792FE3000BA9C2DC83245 /* Check Pods Manifest.lock */ = {
			isa = PBXShellScriptBuildPhase;
			buildActionMask = 2147483647;
			files = (
			);
			inputPaths = (
			);
			name = "Check Pods Manifest.lock";
			outputPaths = (
			);
			runOnlyForDeploymentPostprocessing = 0;
			shellPath = /bin/sh;
			shellScript = "diff \"${PODS_ROOT}/../Podfile.lock\" \"${PODS_ROOT}/Manifest.lock\" > /dev/null\nif [[ $? != 0 ]] ; then\n    cat << EOM\nerror: The sandbox is not in sync with the Podfile.lock. Run 'pod install' or update your CocoaPods installation.\nEOM\n    exit 1\nfi\n";
			showEnvVarsInLog = 0;
		};
		B3448E148DBB62B7C5541523 /* Copy Pods Resources */ = {
			isa = PBXShellScriptBuildPhase;
			buildActionMask = 2147483647;
			files = (
			);
			inputPaths = (
			);
			name = "Copy Pods Resources";
			outputPaths = (
			);
			runOnlyForDeploymentPostprocessing = 0;
			shellPath = /bin/sh;
			shellScript = "\"${SRCROOT}/Pods/Target Support Files/Pods/Pods-resources.sh\"\n";
			showEnvVarsInLog = 0;
		};
/* End PBXShellScriptBuildPhase section */

/* Begin PBXSourcesBuildPhase section */
		8A5680451655144C0096DB72 /* Sources */ = {
			isa = PBXSourcesBuildPhase;
			buildActionMask = 2147483647;
			files = (
				8A56805A1655144C0096DB72 /* main.m in Sources */,
				8A56805E1655144C0096DB72 /* GBAppDelegate.m in Sources */,
			);
			runOnlyForDeploymentPostprocessing = 0;
		};
/* End PBXSourcesBuildPhase section */

/* Begin PBXVariantGroup section */
		8A5680561655144C0096DB72 /* InfoPlist.strings */ = {
			isa = PBXVariantGroup;
			children = (
				8A5680571655144C0096DB72 /* en */,
			);
			name = InfoPlist.strings;
			sourceTree = "<group>";
		};
/* End PBXVariantGroup section */

/* Begin XCBuildConfiguration section */
		8A5680651655144C0096DB72 /* Debug */ = {
			isa = XCBuildConfiguration;
			buildSettings = {
				CLANG_CXX_LANGUAGE_STANDARD = "gnu++0x";
				CLANG_CXX_LIBRARY = "libc++";
				CLANG_ENABLE_OBJC_ARC = YES;
				CLANG_WARN_EMPTY_BODY = YES;
				CLANG_WARN__DUPLICATE_METHOD_MATCH = YES;
				"CODE_SIGN_IDENTITY[sdk=iphoneos*]" = "iPhone Developer";
				COPY_PHASE_STRIP = NO;
				ENABLE_TESTABILITY = YES;
				GCC_C_LANGUAGE_STANDARD = gnu99;
				GCC_DYNAMIC_NO_PIC = NO;
				GCC_OPTIMIZATION_LEVEL = 0;
				GCC_PREPROCESSOR_DEFINITIONS = (
					"DEBUG=1",
					"$(inherited)",
				);
				GCC_SYMBOLS_PRIVATE_EXTERN = NO;
				GCC_WARN_ABOUT_RETURN_TYPE = YES;
				GCC_WARN_UNINITIALIZED_AUTOS = YES;
				GCC_WARN_UNUSED_VARIABLE = YES;
				IPHONEOS_DEPLOYMENT_TARGET = 6.0;
				ONLY_ACTIVE_ARCH = YES;
				OTHER_LDFLAGS = "-ObjC";
				SDKROOT = iphoneos;
				TARGETED_DEVICE_FAMILY = "1,2";
			};
			name = Debug;
		};
		8A5680661655144C0096DB72 /* Release */ = {
			isa = XCBuildConfiguration;
			buildSettings = {
				CLANG_CXX_LANGUAGE_STANDARD = "gnu++0x";
				CLANG_CXX_LIBRARY = "libc++";
				CLANG_ENABLE_OBJC_ARC = YES;
				CLANG_WARN_EMPTY_BODY = YES;
				CLANG_WARN__DUPLICATE_METHOD_MATCH = YES;
				"CODE_SIGN_IDENTITY[sdk=iphoneos*]" = "iPhone Developer";
				COPY_PHASE_STRIP = YES;
				GCC_C_LANGUAGE_STANDARD = gnu99;
				GCC_WARN_ABOUT_RETURN_TYPE = YES;
				GCC_WARN_UNINITIALIZED_AUTOS = YES;
				GCC_WARN_UNUSED_VARIABLE = YES;
				IPHONEOS_DEPLOYMENT_TARGET = 6.0;
				OTHER_CFLAGS = "-DNS_BLOCK_ASSERTIONS=1";
				OTHER_LDFLAGS = "-ObjC";
				SDKROOT = iphoneos;
				TARGETED_DEVICE_FAMILY = "1,2";
				VALIDATE_PRODUCT = YES;
			};
			name = Release;
		};
		8A5680681655144C0096DB72 /* Debug */ = {
			isa = XCBuildConfiguration;
			baseConfigurationReference = 1D35F6F9A7C129ADFC0C6868 /* Pods.debug.xcconfig */;
			buildSettings = {
				GCC_PRECOMPILE_PREFIX_HEADER = YES;
				GCC_PREFIX_HEADER = "PIngTest/PingDemo-Prefix.pch";
				INFOPLIST_FILE = "PIngTest/PingDemo-Info.plist";
				PRODUCT_BUNDLE_IDENTIFIER = "com.goonbee.${PRODUCT_NAME:rfc1034identifier}";
				PRODUCT_NAME = PingDemo;
				WRAPPER_EXTENSION = app;
			};
			name = Debug;
		};
		8A5680691655144C0096DB72 /* Release */ = {
			isa = XCBuildConfiguration;
			baseConfigurationReference = 017B02A36FBAC06A15709C90 /* Pods.release.xcconfig */;
			buildSettings = {
				GCC_PRECOMPILE_PREFIX_HEADER = YES;
				GCC_PREFIX_HEADER = "PIngTest/PingDemo-Prefix.pch";
				INFOPLIST_FILE = "PIngTest/PingDemo-Info.plist";
				PRODUCT_BUNDLE_IDENTIFIER = "com.goonbee.${PRODUCT_NAME:rfc1034identifier}";
				PRODUCT_NAME = PingDemo;
				WRAPPER_EXTENSION = app;
			};
			name = Release;
		};
/* End XCBuildConfiguration section */

/* Begin XCConfigurationList section */
		8A5680431655144C0096DB72 /* Build configuration list for PBXProject "PingDemo" */ = {
			isa = XCConfigurationList;
			buildConfigurations = (
				8A5680651655144C0096DB72 /* Debug */,
				8A5680661655144C0096DB72 /* Release */,
			);
			defaultConfigurationIsVisible = 0;
			defaultConfigurationName = Release;
		};
		8A5680671655144C0096DB72 /* Build configuration list for PBXNativeTarget "PingDemo" */ = {
			isa = XCConfigurationList;
			buildConfigurations = (
				8A5680681655144C0096DB72 /* Debug */,
				8A5680691655144C0096DB72 /* Release */,
			);
			defaultConfigurationIsVisible = 0;
			defaultConfigurationName = Release;
		};
/* End XCConfigurationList section */
	};
	rootObject = 8A5680401655144C0096DB72 /* Project object */;
}
